
Microsoft Visual Studio Solution File, Format Version 12.00
# Visual Studio Version 16
VisualStudioVersion = 16.0.30114.105
MinimumVisualStudioVersion = 10.0.40219.1
Project("{FAE04EC0-301F-11D3-BF4B-00C04F79EFBC}") = "Flooq.Api", "Flooq.Api\Flooq.Api.csproj", "{FE8AEB42-C03E-4F9C-A32B-4A824C3595B9}"
EndProject
Project("{FAE04EC0-301F-11D3-BF4B-00C04F79EFBC}") = "Flooq.Test", "Flooq.Test\Flooq.Test.csproj", "{2B64B965-E843-4582-A7E1-693760793EF8}"
EndProject
Project("{FAE04EC0-301F-11D3-BF4B-00C04F79EFBC}") = "Flooq.IntegrationTest", "Flooq.IntegrationTest\Flooq.IntegrationTest.csproj", "{50E0EDC9-2E40-4434-8596-95FA85F81FFF}"
EndProject
Global
	GlobalSection(SolutionConfigurationPlatforms) = preSolution
		Debug|Any CPU = Debug|Any CPU
		Release|Any CPU = Release|Any CPU
	EndGlobalSection
	GlobalSection(SolutionProperties) = preSolution
		HideSolutionNode = FALSE
	EndGlobalSection
	GlobalSection(ProjectConfigurationPlatforms) = postSolution
		{FE8AEB42-C03E-4F9C-A32B-4A824C3595B9}.Debug|Any CPU.ActiveCfg = Debug|Any CPU
		{FE8AEB42-C03E-4F9C-A32B-4A824C3595B9}.Debug|Any CPU.Build.0 = Debug|Any CPU
		{FE8AEB42-C03E-4F9C-A32B-4A824C3595B9}.Release|Any CPU.ActiveCfg = Release|Any CPU
		{FE8AEB42-C03E-4F9C-A32B-4A824C3595B9}.Release|Any CPU.Build.0 = Release|Any CPU
		{2B64B965-E843-4582-A7E1-693760793EF8}.Debug|Any CPU.ActiveCfg = Debug|Any CPU
		{2B64B965-E843-4582-A7E1-693760793EF8}.Debug|Any CPU.Build.0 = Debug|Any CPU
		{2B64B965-E843-4582-A7E1-693760793EF8}.Release|Any CPU.ActiveCfg = Release|Any CPU
		{2B64B965-E843-4582-A7E1-693760793EF8}.Release|Any CPU.Build.0 = Release|Any CPU
		{50E0EDC9-2E40-4434-8596-95FA85F81FFF}.Debug|Any CPU.ActiveCfg = Debug|Any CPU
		{50E0EDC9-2E40-4434-8596-95FA85F81FFF}.Debug|Any CPU.Build.0 = Debug|Any CPU
		{50E0EDC9-2E40-4434-8596-95FA85F81FFF}.Release|Any CPU.ActiveCfg = Release|Any CPU
		{50E0EDC9-2E40-4434-8596-95FA85F81FFF}.Release|Any CPU.Build.0 = Release|Any CPU
	EndGlobalSection
EndGlobal
